
Microsoft Visual Studio Solution File, Format Version 12.00
# Visual Studio Version 17
VisualStudioVersion = 17.14.36616.10 d17.14
MinimumVisualStudioVersion = 10.0.40219.1
Project("{FAE04EC0-301F-11D3-BF4B-00C04F79EFBC}") = "ClienteConsola", "ClienteConsola\ClienteConsola.csproj", "{35FBAB29-E849-47D6-A658-841FB0EF4085}"
EndProject
Global
	GlobalSection(SolutionConfigurationPlatforms) = preSolution
		Debug|Any CPU = Debug|Any CPU
		Release|Any CPU = Release|Any CPU
	EndGlobalSection
	GlobalSection(ProjectConfigurationPlatforms) = postSolution
		{35FBAB29-E849-47D6-A658-841FB0EF4085}.Debug|Any CPU.ActiveCfg = Debug|Any CPU
		{35FBAB29-E849-47D6-A658-841FB0EF4085}.Debug|Any CPU.Build.0 = Debug|Any CPU
		{35FBAB29-E849-47D6-A658-841FB0EF4085}.Release|Any CPU.ActiveCfg = Release|Any CPU
		{35FBAB29-E849-47D6-A658-841FB0EF4085}.Release|Any CPU.Build.0 = Release|Any CPU
	EndGlobalSection
	GlobalSection(SolutionProperties) = preSolution
		HideSolutionNode = FALSE
	EndGlobalSection
	GlobalSection(ExtensibilityGlobals) = postSolution
		SolutionGuid = {388E5575-2249-47C9-AE1F-F5949C5ABCB1}
	EndGlobalSection
EndGlobal
